
Microsoft Visual Studio Solution File, Format Version 12.00
# Visual Studio Version 17
VisualStudioVersion = 17.8.34330.188
MinimumVisualStudioVersion = 10.0.40219.1
Project("{FAE04EC0-301F-11D3-BF4B-00C04F79EFBC}") = "aplikacjaperson", "aplikacjaperson\aplikacjaperson.csproj", "{DD283A68-7334-4463-86FE-20AB31AE52E2}"
EndProject
Global
	GlobalSection(SolutionConfigurationPlatforms) = preSolution
		Debug|Any CPU = Debug|Any CPU
		Release|Any CPU = Release|Any CPU
	EndGlobalSection
	GlobalSection(ProjectConfigurationPlatforms) = postSolution
		{DD283A68-7334-4463-86FE-20AB31AE52E2}.Debug|Any CPU.ActiveCfg = Debug|Any CPU
		{DD283A68-7334-4463-86FE-20AB31AE52E2}.Debug|Any CPU.Build.0 = Debug|Any CPU
		{DD283A68-7334-4463-86FE-20AB31AE52E2}.Release|Any CPU.ActiveCfg = Release|Any CPU
		{DD283A68-7334-4463-86FE-20AB31AE52E2}.Release|Any CPU.Build.0 = Release|Any CPU
	EndGlobalSection
	GlobalSection(SolutionProperties) = preSolution
		HideSolutionNode = FALSE
	EndGlobalSection
	GlobalSection(ExtensibilityGlobals) = postSolution
		SolutionGuid = {253D70E8-8CAB-41E7-ACD5-64DDCF3C639E}
	EndGlobalSection
EndGlobal
